
Microsoft Visual Studio Solution File, Format Version 12.00
# Visual Studio Version 17
VisualStudioVersion = 17.8.34330.188
MinimumVisualStudioVersion = 10.0.40219.1
Project("{9A19103F-16F7-4668-BE54-9A1E7A4F7556}") = "API_Domobert", "API_Domobert\API_Domobert.csproj", "{3D6F1992-8A3F-4618-957C-B6BF86BE0C33}"
EndProject
Project("{2150E333-8FDC-42A3-9474-1A3956D46DE8}") = "App", "App", "{14767D18-0E79-4196-B2FF-81EE8F518075}"
EndProject
Project("{2150E333-8FDC-42A3-9474-1A3956D46DE8}") = "BLL", "BLL", "{37DDF407-B5C8-4A8E-A554-A16B5A6970F2}"
EndProject
Project("{2150E333-8FDC-42A3-9474-1A3956D46DE8}") = "DAL", "DAL", "{6BFA1589-4AFB-4FD9-B6F7-DD493A795DB9}"
EndProject
Project("{2150E333-8FDC-42A3-9474-1A3956D46DE8}") = "API", "API", "{DF987AA8-4240-4680-AC29-71BCF38D9430}"
EndProject
Project("{2150E333-8FDC-42A3-9474-1A3956D46DE8}") = "Blazor", "Blazor", "{DF870538-799F-4873-AC27-49BD949C02C1}"
EndProject
Project("{9A19103F-16F7-4668-BE54-9A1E7A4F7556}") = "Blazor_Domobert", "Blazor_Domobert\Blazor_Domobert.csproj", "{CA2F4EFA-8B3A-4B61-85EF-84B04578B83F}"
EndProject
Project("{2150E333-8FDC-42A3-9474-1A3956D46DE8}") = "Common", "Common", "{7C5CE1A7-4388-47F5-BC13-7AE2947CF2F1}"
EndProject
Project("{9A19103F-16F7-4668-BE54-9A1E7A4F7556}") = "Common", "Common\Common.csproj", "{A8DDA88C-BF79-46AE-A397-F9196FF30C96}"
EndProject
Project("{9A19103F-16F7-4668-BE54-9A1E7A4F7556}") = "DAL", "DAL\DAL.csproj", "{AC78EC7E-FFDC-46CE-AC9B-0864884CEB32}"
EndProject
Project("{9A19103F-16F7-4668-BE54-9A1E7A4F7556}") = "BLL", "BLL\BLL.csproj", "{958092C3-C647-4335-8A08-D3D2817E2062}"
EndProject
Global
	GlobalSection(SolutionConfigurationPlatforms) = preSolution
		Debug|Any CPU = Debug|Any CPU
		Release|Any CPU = Release|Any CPU
	EndGlobalSection
	GlobalSection(ProjectConfigurationPlatforms) = postSolution
		{3D6F1992-8A3F-4618-957C-B6BF86BE0C33}.Debug|Any CPU.ActiveCfg = Debug|Any CPU
		{3D6F1992-8A3F-4618-957C-B6BF86BE0C33}.Debug|Any CPU.Build.0 = Debug|Any CPU
		{3D6F1992-8A3F-4618-957C-B6BF86BE0C33}.Release|Any CPU.ActiveCfg = Release|Any CPU
		{3D6F1992-8A3F-4618-957C-B6BF86BE0C33}.Release|Any CPU.Build.0 = Release|Any CPU
		{CA2F4EFA-8B3A-4B61-85EF-84B04578B83F}.Debug|Any CPU.ActiveCfg = Debug|Any CPU
		{CA2F4EFA-8B3A-4B61-85EF-84B04578B83F}.Debug|Any CPU.Build.0 = Debug|Any CPU
		{CA2F4EFA-8B3A-4B61-85EF-84B04578B83F}.Release|Any CPU.ActiveCfg = Release|Any CPU
		{CA2F4EFA-8B3A-4B61-85EF-84B04578B83F}.Release|Any CPU.Build.0 = Release|Any CPU
		{A8DDA88C-BF79-46AE-A397-F9196FF30C96}.Debug|Any CPU.ActiveCfg = Debug|Any CPU
		{A8DDA88C-BF79-46AE-A397-F9196FF30C96}.Debug|Any CPU.Build.0 = Debug|Any CPU
		{A8DDA88C-BF79-46AE-A397-F9196FF30C96}.Release|Any CPU.ActiveCfg = Release|Any CPU
		{A8DDA88C-BF79-46AE-A397-F9196FF30C96}.Release|Any CPU.Build.0 = Release|Any CPU
		{AC78EC7E-FFDC-46CE-AC9B-0864884CEB32}.Debug|Any CPU.ActiveCfg = Debug|Any CPU
		{AC78EC7E-FFDC-46CE-AC9B-0864884CEB32}.Debug|Any CPU.Build.0 = Debug|Any CPU
		{AC78EC7E-FFDC-46CE-AC9B-0864884CEB32}.Release|Any CPU.ActiveCfg = Release|Any CPU
		{AC78EC7E-FFDC-46CE-AC9B-0864884CEB32}.Release|Any CPU.Build.0 = Release|Any CPU
		{958092C3-C647-4335-8A08-D3D2817E2062}.Debug|Any CPU.ActiveCfg = Debug|Any CPU
		{958092C3-C647-4335-8A08-D3D2817E2062}.Debug|Any CPU.Build.0 = Debug|Any CPU
		{958092C3-C647-4335-8A08-D3D2817E2062}.Release|Any CPU.ActiveCfg = Release|Any CPU
		{958092C3-C647-4335-8A08-D3D2817E2062}.Release|Any CPU.Build.0 = Release|Any CPU
	EndGlobalSection
	GlobalSection(SolutionProperties) = preSolution
		HideSolutionNode = FALSE
	EndGlobalSection
	GlobalSection(NestedProjects) = preSolution
		{3D6F1992-8A3F-4618-957C-B6BF86BE0C33} = {14767D18-0E79-4196-B2FF-81EE8F518075}
		{14767D18-0E79-4196-B2FF-81EE8F518075} = {DF987AA8-4240-4680-AC29-71BCF38D9430}
		{37DDF407-B5C8-4A8E-A554-A16B5A6970F2} = {DF987AA8-4240-4680-AC29-71BCF38D9430}
		{6BFA1589-4AFB-4FD9-B6F7-DD493A795DB9} = {DF987AA8-4240-4680-AC29-71BCF38D9430}
		{CA2F4EFA-8B3A-4B61-85EF-84B04578B83F} = {DF870538-799F-4873-AC27-49BD949C02C1}
		{7C5CE1A7-4388-47F5-BC13-7AE2947CF2F1} = {DF987AA8-4240-4680-AC29-71BCF38D9430}
		{A8DDA88C-BF79-46AE-A397-F9196FF30C96} = {7C5CE1A7-4388-47F5-BC13-7AE2947CF2F1}
		{AC78EC7E-FFDC-46CE-AC9B-0864884CEB32} = {6BFA1589-4AFB-4FD9-B6F7-DD493A795DB9}
		{958092C3-C647-4335-8A08-D3D2817E2062} = {37DDF407-B5C8-4A8E-A554-A16B5A6970F2}
	EndGlobalSection
	GlobalSection(ExtensibilityGlobals) = postSolution
		SolutionGuid = {DDF1522C-5E0E-4F1B-8086-9BE466B3C0AB}
	EndGlobalSection
EndGlobal
